
Microsoft Visual Studio Solution File, Format Version 12.00
# Visual Studio Version 17
VisualStudioVersion = 17.0.31903.59
MinimumVisualStudioVersion = 10.0.40219.1
Project("{FAE04EC0-301F-11D3-BF4B-00C04F79EFBC}") = "AirEngine", "AirEngine\AirEngine.csproj", "{A2EDD10C-E2E5-4543-A9FF-178FD6D6DC39}"
EndProject
Global
	GlobalSection(SolutionConfigurationPlatforms) = preSolution
		Debug|Any CPU = Debug|Any CPU
		Release|Any CPU = Release|Any CPU
	EndGlobalSection
	GlobalSection(ProjectConfigurationPlatforms) = postSolution
		{A2EDD10C-E2E5-4543-A9FF-178FD6D6DC39}.Debug|Any CPU.ActiveCfg = Debug|Any CPU
		{A2EDD10C-E2E5-4543-A9FF-178FD6D6DC39}.Debug|Any CPU.Build.0 = Debug|Any CPU
		{A2EDD10C-E2E5-4543-A9FF-178FD6D6DC39}.Release|Any CPU.ActiveCfg = Release|Any CPU
		{A2EDD10C-E2E5-4543-A9FF-178FD6D6DC39}.Release|Any CPU.Build.0 = Release|Any CPU
	EndGlobalSection
	GlobalSection(SolutionProperties) = preSolution
		HideSolutionNode = FALSE
	EndGlobalSection
	GlobalSection(ExtensibilityGlobals) = postSolution
		SolutionGuid = {5E675CFC-13AF-406A-A278-89A074229DEB}
	EndGlobalSection
EndGlobal
